
Microsoft Visual Studio Solution File, Format Version 12.00
# Visual Studio Version 16
VisualStudioVersion = 16.0.30907.101
MinimumVisualStudioVersion = 10.0.40219.1
Project("{FAE04EC0-301F-11D3-BF4B-00C04F79EFBC}") = "even_or_odd_kata", "even_or_odd_kata.csproj", "{9ADE159D-E888-4343-9304-9C63BE48F10A}"
EndProject
Global
	GlobalSection(SolutionConfigurationPlatforms) = preSolution
		Debug|Any CPU = Debug|Any CPU
		Release|Any CPU = Release|Any CPU
	EndGlobalSection
	GlobalSection(ProjectConfigurationPlatforms) = postSolution
		{9ADE159D-E888-4343-9304-9C63BE48F10A}.Debug|Any CPU.ActiveCfg = Debug|Any CPU
		{9ADE159D-E888-4343-9304-9C63BE48F10A}.Debug|Any CPU.Build.0 = Debug|Any CPU
		{9ADE159D-E888-4343-9304-9C63BE48F10A}.Release|Any CPU.ActiveCfg = Release|Any CPU
		{9ADE159D-E888-4343-9304-9C63BE48F10A}.Release|Any CPU.Build.0 = Release|Any CPU
	EndGlobalSection
	GlobalSection(SolutionProperties) = preSolution
		HideSolutionNode = FALSE
	EndGlobalSection
	GlobalSection(ExtensibilityGlobals) = postSolution
		SolutionGuid = {D886EFE7-41BB-4294-AEBF-3542A187D7E5}
	EndGlobalSection
EndGlobal
